{
  "name": "tailwind.macro",
  "version": "0.5.3-codesandbox",
  "lockfileVersion": 1,
  "requires": true,
  "dependencies": {
    "@babel/generator": {
      "version": "7.0.0-rc.1",
      "resolved": "https://registry.npmjs.org/@babel/generator/-/generator-7.0.0-rc.1.tgz",
      "integrity": "sha512-Ak4n780/coo+L9GZUS7V/IGJilP11t4UoWl0J9cG3jso4KkDGQcqdx4Y6gJAiXng+sDfvzUmvWfM1hZwH82J0A==",
      "requires": {
        "@babel/types": "7.0.0-rc.1",
        "jsesc": "2.5.1",
        "lodash": "4.17.10",
        "source-map": "0.5.7",
        "trim-right": "1.0.1"
      }
    },
    "@babel/parser": {
      "version": "7.0.0-rc.1",
      "resolved": "https://registry.npmjs.org/@babel/parser/-/parser-7.0.0-rc.1.tgz",
      "integrity": "sha512-rC+bIz2eZnJlacERmJO25UAbXVZttcSxh0Px0gRGinOTzug5tL7+L9urfIdSWlv1ZzP03+f2xkOFLOxZqSsVmQ=="
    },
    "@babel/types": {
      "version": "7.0.0-rc.1",
      "resolved": "https://registry.npmjs.org/@babel/types/-/types-7.0.0-rc.1.tgz",
      "integrity": "sha512-MBwO1JQKin9BwKTGydrYe4VDJbStCUy35IhJzeZt3FByOdx/q3CYaqMRrH70qVD2RA7+Xk8e3RN0mzKZkYBYuQ==",
      "requires": {
        "esutils": "2.0.2",
        "lodash": "4.17.10",
        "to-fast-properties": "2.0.0"
      }
    },
    "argparse": {
      "version": "1.0.10",
      "resolved": "https://registry.npmjs.org/argparse/-/argparse-1.0.10.tgz",
      "integrity": "sha512-o5Roy6tNG4SL/FOkCAN6RzjiakZS25RLYFrcMttJqbdd8BWrnA+fGz57iN5Pb06pvBGvl5gQ0B48dJlslXvoTg==",
      "requires": {
        "sprintf-js": "1.0.3"
      }
    },
    "babel-plugin-macros": {
      "version": "2.4.0",
      "resolved": "https://registry.npmjs.org/babel-plugin-macros/-/babel-plugin-macros-2.4.0.tgz",
      "integrity": "sha512-flIBfrqAdHWn+4l2cS/4jZEyl+m5EaBHVzTb0aOF+eu/zR7E41/MoCFHPhDNL8Wzq1nyelnXeT+vcL2byFLSZw==",
      "requires": {
        "cosmiconfig": "5.0.6"
      }
    },
    "babel-plugin-tailwind-components": {
      "version": "0.5.3-codesandbox",
      "resolved": "https://registry.npmjs.org/babel-plugin-tailwind-components/-/babel-plugin-tailwind-components-0.5.3-codesandbox.tgz",
      "integrity": "sha512-fygnxAwbi/KilJmvbFAZxQ47TWjxVRb6FHsH2MAprJIGhG7i7sg5zf5jkMuCN/zr8Q6MrsO5x5/tYQvCWkq35w==",
      "requires": {
        "@babel/generator": "7.0.0-rc.1",
        "@babel/parser": "7.0.0-rc.1",
        "babel-plugin-macros": "2.4.0"
      }
    },
    "cosmiconfig": {
      "version": "5.0.6",
      "resolved": "https://registry.npmjs.org/cosmiconfig/-/cosmiconfig-5.0.6.tgz",
      "integrity": "sha512-6DWfizHriCrFWURP1/qyhsiFvYdlJzbCzmtFWh744+KyWsJo5+kPzUZZaMRSSItoYc0pxFX7gEO7ZC1/gN/7AQ==",
      "requires": {
        "is-directory": "0.3.1",
        "js-yaml": "3.12.0",
        "parse-json": "4.0.0"
      }
    },
    "error-ex": {
      "version": "1.3.2",
      "resolved": "https://registry.npmjs.org/error-ex/-/error-ex-1.3.2.tgz",
      "integrity": "sha512-7dFHNmqeFSEt2ZBsCriorKnn3Z2pj+fd9kmI6QoWw4//DL+icEBfc0U7qJCisqrTsKTjw4fNFy2pW9OqStD84g==",
      "requires": {
        "is-arrayish": "0.2.1"
      }
    },
    "esprima": {
      "version": "4.0.1",
      "resolved": "https://registry.npmjs.org/esprima/-/esprima-4.0.1.tgz",
      "integrity": "sha512-eGuFFw7Upda+g4p+QHvnW0RyTX/SVeJBDM/gCtMARO0cLuT2HcEKnTPvhjV6aGeqrCB/sbNop0Kszm0jsaWU4A=="
    },
    "esutils": {
      "version": "2.0.2",
      "resolved": "https://registry.npmjs.org/esutils/-/esutils-2.0.2.tgz",
      "integrity": "sha1-Cr9PHKpbyx96nYrMbepPqqBLrJs="
    },
    "is-arrayish": {
      "version": "0.2.1",
      "resolved": "https://registry.npmjs.org/is-arrayish/-/is-arrayish-0.2.1.tgz",
      "integrity": "sha1-d8mYQFJ6qOyxqLppe4BkWnqSap0="
    },
    "is-directory": {
      "version": "0.3.1",
      "resolved": "https://registry.npmjs.org/is-directory/-/is-directory-0.3.1.tgz",
      "integrity": "sha1-YTObbyR1/Hcv2cnYP1yFddwVSuE="
    },
    "js-yaml": {
      "version": "3.12.0",
      "resolved": "https://registry.npmjs.org/js-yaml/-/js-yaml-3.12.0.tgz",
      "integrity": "sha512-PIt2cnwmPfL4hKNwqeiuz4bKfnzHTBv6HyVgjahA6mPLwPDzjDWrplJBMjHUFxku/N3FlmrbyPclad+I+4mJ3A==",
      "requires": {
        "argparse": "1.0.10",
        "esprima": "4.0.1"
      }
    },
    "jsesc": {
      "version": "2.5.1",
      "resolved": "https://registry.npmjs.org/jsesc/-/jsesc-2.5.1.tgz",
      "integrity": "sha1-5CGiqOINawgZ3yiQj3glJrlt0f4="
    },
    "json-parse-better-errors": {
      "version": "1.0.2",
      "resolved": "https://registry.npmjs.org/json-parse-better-errors/-/json-parse-better-errors-1.0.2.tgz",
      "integrity": "sha512-mrqyZKfX5EhL7hvqcV6WG1yYjnjeuYDzDhhcAAUrq8Po85NBQBJP+ZDUT75qZQ98IkUoBqdkExkukOU7Ts2wrw=="
    },
    "lodash": {
      "version": "4.17.10",
      "resolved": "https://registry.npmjs.org/lodash/-/lodash-4.17.10.tgz",
      "integrity": "sha512-UejweD1pDoXu+AD825lWwp4ZGtSwgnpZxb3JDViD7StjQz+Nb/6l093lx4OQ0foGWNRoc19mWy7BzL+UAK2iVg=="
    },
    "parse-json": {
      "version": "4.0.0",
      "resolved": "https://registry.npmjs.org/parse-json/-/parse-json-4.0.0.tgz",
      "integrity": "sha1-vjX1Qlvh9/bHRxhPmKeIy5lHfuA=",
      "requires": {
        "error-ex": "1.3.2",
        "json-parse-better-errors": "1.0.2"
      }
    },
    "source-map": {
      "version": "0.5.7",
      "resolved": "https://registry.npmjs.org/source-map/-/source-map-0.5.7.tgz",
      "integrity": "sha1-igOdLRAh0i0eoUyA2OpGi6LvP8w="
    },
    "sprintf-js": {
      "version": "1.0.3",
      "resolved": "https://registry.npmjs.org/sprintf-js/-/sprintf-js-1.0.3.tgz",
      "integrity": "sha1-BOaSb2YolTVPPdAVIDYzuFcpfiw="
    },
    "to-fast-properties": {
      "version": "2.0.0",
      "resolved": "https://registry.npmjs.org/to-fast-properties/-/to-fast-properties-2.0.0.tgz",
      "integrity": "sha1-3F5pjL0HkmW8c+A3doGk5Og/YW4="
    },
    "trim-right": {
      "version": "1.0.1",
      "resolved": "https://registry.npmjs.org/trim-right/-/trim-right-1.0.1.tgz",
      "integrity": "sha1-yy4SAwZ+DI3h9hQJS5/kVwTqYAM="
    }
  }
}
